
Microsoft Visual Studio Solution File, Format Version 12.00
# Visual Studio Version 16
VisualStudioVersion = 16.0.30621.155
MinimumVisualStudioVersion = 10.0.40219.1
Project("{FAE04EC0-301F-11D3-BF4B-00C04F79EFBC}") = "PortSimulation", "PortSimulation.csproj", "{D6144EA1-CE96-4782-8A17-163347A53C07}"
EndProject
Global
	GlobalSection(SolutionConfigurationPlatforms) = preSolution
		Debug|Any CPU = Debug|Any CPU
		Release|Any CPU = Release|Any CPU
	EndGlobalSection
	GlobalSection(ProjectConfigurationPlatforms) = postSolution
		{D6144EA1-CE96-4782-8A17-163347A53C07}.Debug|Any CPU.ActiveCfg = Debug|Any CPU
		{D6144EA1-CE96-4782-8A17-163347A53C07}.Debug|Any CPU.Build.0 = Debug|Any CPU
		{D6144EA1-CE96-4782-8A17-163347A53C07}.Release|Any CPU.ActiveCfg = Release|Any CPU
		{D6144EA1-CE96-4782-8A17-163347A53C07}.Release|Any CPU.Build.0 = Release|Any CPU
	EndGlobalSection
	GlobalSection(SolutionProperties) = preSolution
		HideSolutionNode = FALSE
	EndGlobalSection
	GlobalSection(ExtensibilityGlobals) = postSolution
		SolutionGuid = {21698D1E-BE09-4085-A1C0-9ED107D4AE25}
	EndGlobalSection
EndGlobal
